
Microsoft Visual Studio Solution File, Format Version 12.00
# Visual Studio Version 16
VisualStudioVersion = 16.0.30517.126
MinimumVisualStudioVersion = 10.0.40219.1
Project("{FAE04EC0-301F-11D3-BF4B-00C04F79EFBC}") = "TTermLib", "TTermLib\TTermLib.csproj", "{D2785C09-D402-4AE8-9884-ACC1D638A0B9}"
EndProject
Project("{FAE04EC0-301F-11D3-BF4B-00C04F79EFBC}") = "TTermWpf", "TTermWpf\TTermWpf.csproj", "{87F16F44-5DB4-454B-9BF4-0F90A175CEA7}"
EndProject
Project("{FAE04EC0-301F-11D3-BF4B-00C04F79EFBC}") = "Test", "Test\Test.csproj", "{38A9CAD1-31B2-4132-8FB2-8489959B4DE7}"
EndProject
Global
	GlobalSection(SolutionConfigurationPlatforms) = preSolution
		Debug|Any CPU = Debug|Any CPU
		Release|Any CPU = Release|Any CPU
	EndGlobalSection
	GlobalSection(ProjectConfigurationPlatforms) = postSolution
		{D2785C09-D402-4AE8-9884-ACC1D638A0B9}.Debug|Any CPU.ActiveCfg = Debug|Any CPU
		{D2785C09-D402-4AE8-9884-ACC1D638A0B9}.Debug|Any CPU.Build.0 = Debug|Any CPU
		{D2785C09-D402-4AE8-9884-ACC1D638A0B9}.Release|Any CPU.ActiveCfg = Release|Any CPU
		{D2785C09-D402-4AE8-9884-ACC1D638A0B9}.Release|Any CPU.Build.0 = Release|Any CPU
		{87F16F44-5DB4-454B-9BF4-0F90A175CEA7}.Debug|Any CPU.ActiveCfg = Debug|Any CPU
		{87F16F44-5DB4-454B-9BF4-0F90A175CEA7}.Debug|Any CPU.Build.0 = Debug|Any CPU
		{87F16F44-5DB4-454B-9BF4-0F90A175CEA7}.Release|Any CPU.ActiveCfg = Release|Any CPU
		{87F16F44-5DB4-454B-9BF4-0F90A175CEA7}.Release|Any CPU.Build.0 = Release|Any CPU
		{38A9CAD1-31B2-4132-8FB2-8489959B4DE7}.Debug|Any CPU.ActiveCfg = Debug|Any CPU
		{38A9CAD1-31B2-4132-8FB2-8489959B4DE7}.Debug|Any CPU.Build.0 = Debug|Any CPU
		{38A9CAD1-31B2-4132-8FB2-8489959B4DE7}.Release|Any CPU.ActiveCfg = Release|Any CPU
		{38A9CAD1-31B2-4132-8FB2-8489959B4DE7}.Release|Any CPU.Build.0 = Release|Any CPU
	EndGlobalSection
	GlobalSection(SolutionProperties) = preSolution
		HideSolutionNode = FALSE
	EndGlobalSection
	GlobalSection(ExtensibilityGlobals) = postSolution
		SolutionGuid = {4E023A59-67B0-456B-8A4D-7DB6B5CC511A}
	EndGlobalSection
EndGlobal
